version = 1
revision = 3
requires-python = ">=3.11"

[[package]]
name = "colorama"
version = "0.4.6"
source = { registry = "https://pypi.org/simple" }
sdist = { url = "https://files.pythonhosted.org/packages/d8/53/6f443c9a4a8358a93a6792e2acffb9d9d5cb0a5cfd8802644b7b1c9a02e4/colorama-0.4.6.tar.gz", hash = "sha256:08695f5cb7ed6e0531a20572697297273c47b8cae5a63ffc6d6ed5c201be6e44", size = 27697, upload-time = "2022-10-25T02:36:22.414Z" }
wheels = [
    { url = "https://files.pythonhosted.org/packages/d1/d6/3965ed04c63042e047cb6a3e6ed1a63a35087b6a609aa3a15ed8ac56c221/colorama-0.4.6-py2.py3-none-any.whl", hash = "sha256:4f1d9991f5acc0ca119f9d443620b77f9d6b33703e51011c16baf57afb285fc6", size = 25335, upload-time = "2022-10-25T02:36:20.889Z" },
]

[[package]]
name = "hypothesis"
version = "6.165.5"
source = { registry = "https://pypi.org/simple" }
dependencies = [
    { name = "sortedcontainers" },
]
sdist = { url = "https://files.pythonhosted.org/packages/7a/3a/b840ea8b26e0c4795584dc93c832c5d1a9ff37db1818cc91b2ee8110f757/hypothesis-6.165.5.tar.gz", hash = "sha256:0df7fdefd2e10bbfe7d690eb22c7181a739e8040026907207faa305d86e6e4db", size = 503056, upload-time = "2026-08-12T22:34:58.164Z" }
wheels = [
    { url = "https://files.pythonhosted.org/packages/7e/46/fba332db906bb26f3c27285d17f5210bee54c3d7e1545e4d1bcae08ec437/hypothesis-6.165.5-cp310-abi3-macosx_10_12_x86_64.whl", hash = "sha256:e9ee79ccf2de7b185821ed8364eccfea7300b52b30a8c626f6b7213f3b38e5d5", size = 782500, upload-time = "2026-08-12T22:33:48.567Z" },
    { url = "https://files.pythonhosted.org/packages/cd/68/f3cd7814a571ecf58c97a40686c97814c9f6be95dd258d9144d909f0900e/hypothesis-6.165.5-cp310-abi3-macosx_11_0_arm64.whl", hash = "sha256:b732ea0c758e9c587eea8bb89ea27c985cb7609304e484ff8e5ffdb890f56ae5", size = 778047, upload-time = "2026-08-12T22:33:44.541Z" },
    { url = "https://files.pythonhosted.org/packages/85/a4/e0825ff8e353bf92b77f9b990c3e0e1160a0f2953feb95647cf2ced0b1a0/hypothesis-6.165.5-cp310-abi3-manylinux_2_17_aarch64.manylinux2014_aarch64.whl", hash = "sha256:edb08b192ea64a75e82dcc0b49e515f9ca86e4523c678bf8035c993f3bf7323f", size = 1107271, upload-time = "2026-08-12T22:33:31.315Z" },
    { url = "https://files.pythonhosted.org/packages/63/85/1005fece1e0f59f8974c2e4be3fae1d0436a77b9fbee9a6203d7b250536d/hypothesis-6.165.5-cp310-abi3-manylinux_2_17_armv7l.manylinux2014_armv7l.whl", hash = "sha256:eb74178189e0a8451e0b7cde4a236f4c8bee848ce01d42df968623ac11a4671a", size = 1135836, upload-time = "2026-08-12T22:34:06.044Z" },
    { url = "https://files.pythonhosted.org/packages/8d/8a/6f51cf111f590b883f5fcdb21b54345beeab516ad9c07d4256b731d66ef4/hypothesis-6.165.5-cp310-abi3-manylinux_2_17_x86_64.manylinux2014_x86_64.whl", hash = "sha256:a970cfb945f31b3115b013ede9fe3f0d68b37ff5b86499cc44ccec3d3fe1eeaa", size = 1156825, upload-time = "2026-08-12T22:34:28.263Z" },
    { url = "https://files.pythonhosted.org/packages/4c/7e/fbf54b49173d118681576259acdec61e045b825d516ca1fd5155f7a14ac1/hypothesis-6.165.5-cp310-abi3-manylinux_2_31_riscv64.whl", hash = "sha256:569a7cd8b737019420a5530584ee28fba9dfa3ed877621764a2627f804e983c6", size = 1112117, upload-time = "2026-08-12T22:34:13.239Z" },
    { url = "https://files.pythonhosted.org/packages/d2/95/98bd41c67215950f73f8df711b7d13e40f0fad21c1ff61271b676abc4e19/hypothesis-6.165.5-cp310-abi3-manylinux_2_5_i686.manylinux1_i686.whl", hash = "sha256:61f30a43dc377ba94885e1990be785434686d76a8f37605336dd697c696dad4c", size = 1148864, upload-time = "2026-08-12T22:34:22.427Z" },
    { url = "https://files.pythonhosted.org/packages/0b/07/9dac0e757abc9dd0500b173adbfe018b1742af5ab35c46169cea290bbf65/hypothesis-6.165.5-cp310-abi3-musllinux_1_2_aarch64.whl", hash = "sha256:6a25168ab05d52a084e216f8f033472a8bd18167e0e8fc25a8774722db884be2", size = 1282719, upload-time = "2026-08-12T22:33:55.326Z" },
    { url = "https://files.pythonhosted.org/packages/62/9a/0dcce83dfa414427c2632be45a2338edb5b80e2b9b1c7d88c70c2478c90d/hypothesis-6.165.5-cp310-abi3-musllinux_1_2_armv7l.whl", hash = "sha256:6984a5b7e62b19ddd78643d954dfa90ec8dabbdac4df43a4e63f60fa06514eb2", size = 1409219, upload-time = "2026-08-12T22:33:39.521Z" },
    { url = "https://files.pythonhosted.org/packages/31/8f/82ed9fe9dae7cb79714c5de9cbccd5c4847348971e4ee61c5ad2013417d9/hypothesis-6.165.5-cp310-abi3-musllinux_1_2_riscv64.whl", hash = "sha256:77b57c6c5154357955d724a5ba198aa421f1273a9f88a6ae24d23a1c6d1c91b8", size = 1281995, upload-time = "2026-08-12T22:34:38.42Z" },
    { url = "https://files.pythonhosted.org/packages/b9/4b/06ca1631cce0a9a9806ef15535b9502967751a066dfd620876ff4b8e1eaf/hypothesis-6.165.5-cp310-abi3-musllinux_1_2_x86_64.whl", hash = "sha256:d77557a13f3cfbabc9b96909fc985563e474627208d981689e4925dc4708722f", size = 1324044, upload-time = "2026-08-12T22:33:57.817Z" },
    { url = "https://files.pythonhosted.org/packages/b0/d7/ac8ae1cf829faa5204a743db0e06880ff71bdd105927592b504e34368391/hypothesis-6.165.5-cp310-abi3-win32.whl", hash = "sha256:7c5fd96d54f63fca065cbc21579be0e9b75190af48ff77d5cb759111fe5edae0", size = 668283, upload-time = "2026-08-12T22:33:32.83Z" },
    { url = "https://files.pythonhosted.org/packages/1c/62/77acaaea919da21dbf9e76b78a87f9ac66fb44dc2e95afce07dad6da1185/hypothesis-6.165.5-cp310-abi3-win_amd64.whl", hash = "sha256:bcc3f34121b046e6091b35901b77e24dd1c674fc234b6e09b102e5efb03afa11", size = 674433, upload-time = "2026-08-12T22:34:47.75Z" },
    { url = "https://files.pythonhosted.org/packages/3e/78/c18ff0f6fa107b601b4a7e2311881a267ca37411ca9b1f7887488afcbdd7/hypothesis-6.165.5-cp311-cp311-macosx_10_12_x86_64.whl", hash = "sha256:cde1a938e491e73f3cd92d131bc3b9a7eec1f5716539a3ad9e906219faaff725", size = 782959, upload-time = "2026-08-12T22:34:10.363Z" },
    { url = "https://files.pythonhosted.org/packages/c9/9f/5065cb3f925aa79b844eda8ebc9a80d2ad4476faad09614909f94c83f793/hypothesis-6.165.5-cp311-cp311-macosx_11_0_arm64.whl", hash = "sha256:3ef3c3d190b3de1115051e567221484f38b5993199baed1e04b42de7087e7b66", size = 778746, upload-time = "2026-08-12T22:34:36.884Z" },
    { url = "https://files.pythonhosted.org/packages/6e/50/c7a01a8aa69d60ee47278dc67b9ab121d06437f1830d4748ba7b8018fb54/hypothesis-6.165.5-cp311-cp311-manylinux_2_17_aarch64.manylinux2014_aarch64.whl", hash = "sha256:9aca13ac370ec5cfe1ad1588ac2314f1f3a0ac1ae23b746d0c55c1ea92cd0344", size = 1107652, upload-time = "2026-08-12T22:34:44.539Z" },
    { url = "https://files.pythonhosted.org/packages/ca/4a/2d0990ef13fff11ea2eab1f91dab25b7986927ba7beaf2e8aeca8154f44b/hypothesis-6.165.5-cp311-cp311-manylinux_2_17_x86_64.manylinux2014_x86_64.whl", hash = "sha256:9cc191c6be2a6bc14904b74b5716c863d5e4307163f33bf4b7ad59c65b713396", size = 1157100, upload-time = "2026-08-12T22:34:35.395Z" },
    { url = "https://files.pythonhosted.org/packages/0a/b3/61373dc68177900b2b684d8d9d64ffcbe8f2af652deda6996e207b8a1f23/hypothesis-6.165.5-cp311-cp311-musllinux_1_2_aarch64.whl", hash = "sha256:4980f0307639508f1db23e1fdf3c32f194c44a7f01f98af0e2f6388d56821019", size = 1282970, upload-time = "2026-08-12T22:34:07.352Z" },
    { url = "https://files.pythonhosted.org/packages/17/df/06f0806d8fb3733aa5b91e84695fa21d976cf731808af30e79dcdbcc1cec/hypothesis-6.165.5-cp311-cp311-musllinux_1_2_x86_64.whl", hash = "sha256:87137180f7377cf21e8c799c38cd6ff04611cf56b7a017d48733508590eaf149", size = 1324294, upload-time = "2026-08-12T22:33:43.123Z" },
    { url = "https://files.pythonhosted.org/packages/bc/42/15a30ba67755617802fdd7b7e567d8b07312356e4f232cf2cbc5c932dd45/hypothesis-6.165.5-cp311-cp311-win_amd64.whl", hash = "sha256:64322ecb5ce171ce30ab4c21bdb77891cc71ba9ad7dad0211883bacae2449973", size = 674173, upload-time = "2026-08-12T22:34:01.919Z" },
    { url = "https://files.pythonhosted.org/packages/e6/d0/176ea6d8480d35a1a4fc2ffb1a61126441b2ac067216737052358581d5a7/hypothesis-6.165.5-cp312-cp312-macosx_10_12_x86_64.whl", hash = "sha256:1f330c91d532810bc2ac849e4d0d44a5a4f72508b4c92f1af91b7f2c90c4379a", size = 784074, upload-time = "2026-08-12T22:34:20.56Z" },
    { url = "https://files.pythonhosted.org/packages/3e/0c/3d128243dfc0ae059935c6607869f244efdc5676bb6e0006a2795cfebaeb/hypothesis-6.165.5-cp312-cp312-macosx_11_0_arm64.whl", hash = "sha256:331e8026a380629c8b3b01850f0504a5191617694fe8703ffbb7de32cfbb370e", size = 775642, upload-time = "2026-08-12T22:34:14.757Z" },
    { url = "https://files.pythonhosted.org/packages/6f/40/e80bb810b26fe5807f7c8e3c3c5c3c7556d7128a195e0a57f2480b8a78e2/hypothesis-6.165.5-cp312-cp312-manylinux_2_17_aarch64.manylinux2014_aarch64.whl", hash = "sha256:d4ebe628c589b512a0e20b99aa3799e2331ba2c590dadf411d3bee95f9edb914", size = 1106103, upload-time = "2026-08-12T22:33:53.788Z" },
    { url = "https://files.pythonhosted.org/packages/a6/1c/14648fa3d821bfe4f132e5482837320f191bc60f38a4bd2b687096adf6e5/hypothesis-6.165.5-cp312-cp312-manylinux_2_17_x86_64.manylinux2014_x86_64.whl", hash = "sha256:397685c7e74e6c489bab521bf437c7aba366e275e54f8bb03a6f4571df71faa8", size = 1156164, upload-time = "2026-08-12T22:34:04.621Z" },
    { url = "https://files.pythonhosted.org/packages/59/59/74718a2b859e3b6673589f1591785dd15cdec2ff02b7c8d18f3fc0a42ed2/hypothesis-6.165.5-cp312-cp312-musllinux_1_2_aarch64.whl", hash = "sha256:ed071268fb878d206ff3172dfef29681cda4982c2752d57e3ad1cf70aa3d7535", size = 1280047, upload-time = "2026-08-12T22:33:51.258Z" },
    { url = "https://files.pythonhosted.org/packages/72/5f/1de655e95992c4657f302ec0eca0dd2cfb6bfaaa3b698836432daedac992/hypothesis-6.165.5-cp312-cp312-musllinux_1_2_x86_64.whl", hash = "sha256:381bb61f342c47d0bbfed6af7fecc93f1a8d4778e0c12e7415bdfe0f9bdc9121", size = 1323384, upload-time = "2026-08-12T22:34:03.192Z" },
    { url = "https://files.pythonhosted.org/packages/52/e9/1f265bf5f575396e8097010c39b11c2c4dd905064c694a0f53dffff58445/hypothesis-6.165.5-cp312-cp312-win_amd64.whl", hash = "sha256:92f2dfb1417bfaf93fdbe654261c68dbbfd573b74473a570895bf81958c045e7", size = 671570, upload-time = "2026-08-12T22:34:51.694Z" },
    { url = "https://files.pythonhosted.org/packages/f1/af/2c3357cda375d8ba1276dec4d0a7b51404f86cc6855f1541b424cf99d5f7/hypothesis-6.165.5-cp313-cp313-macosx_10_12_x86_64.whl", hash = "sha256:55b907b33ece350a8b69890a7f09b22b6a93761a8724c3ed12a9cd71b2a03eb1", size = 783966, upload-time = "2026-08-12T22:34:40.078Z" },
    { url = "https://files.pythonhosted.org/packages/0b/64/71cbfa9e741a0d657570af6b42f5f81ca795fdd0bddca44bc89309b46e16/hypothesis-6.165.5-cp313-cp313-macosx_11_0_arm64.whl", hash = "sha256:2cf1a6b2ccaf36e0a2b1f95515edec4db6db14a4e7afd9c36ff477552ffc0f11", size = 775594, upload-time = "2026-08-12T22:34:00.589Z" },
    { url = "https://files.pythonhosted.org/packages/ac/1f/ccb8f0034c8e17f488bc60d74ac21ac0e8945f507ed0b6e8634b67da925e/hypothesis-6.165.5-cp313-cp313-manylinux_2_17_aarch64.manylinux2014_aarch64.whl", hash = "sha256:5faa41aca389826d21f311ae5e59b36eb8bb38933a88bc07ad08bd868af6daae", size = 1106007, upload-time = "2026-08-12T22:34:25.431Z" },
    { url = "https://files.pythonhosted.org/packages/13/9d/64f7f7e1398fb04286816b9770138a35d730f008ac45b44b6425dcc0dd61/hypothesis-6.165.5-cp313-cp313-manylinux_2_17_x86_64.manylinux2014_x86_64.whl", hash = "sha256:a194f401e5d0345ef459f5aa80a50676a64e146c4f57474d70f7ccbe11c886c7", size = 1155990, upload-time = "2026-08-12T22:33:37.139Z" },
    { url = "https://files.pythonhosted.org/packages/21/e9/4bc808417bac59e9c154cbfb38705613adba4f1f37a815607211ab9ee0ab/hypothesis-6.165.5-cp313-cp313-musllinux_1_2_aarch64.whl", hash = "sha256:dd2acd36004b990504125c4e679cf98addf3ca2ce873b38a52f71c66716cc7a6", size = 1280030, upload-time = "2026-08-12T22:34:53.359Z" },
    { url = "https://files.pythonhosted.org/packages/7b/ff/dd0de28497f64ca01c059e32eca7e06a69c39f50ab614969ae636b7ceb3f/hypothesis-6.165.5-cp313-cp313-musllinux_1_2_x86_64.whl", hash = "sha256:709d61590c8cd627479fb4255e085239b91b29a4d386e83f910c5117cfe5b25b", size = 1323111, upload-time = "2026-08-12T22:33:41.959Z" },
    { url = "https://files.pythonhosted.org/packages/45/45/756e1050f26041f6c3aeae2b7e41b10160b2560de0ec46fd3341f6a3cb52/hypothesis-6.165.5-cp313-cp313-win_amd64.whl", hash = "sha256:de4b6d24a0e6adfdd99b2ee1f8d9f43e6ba6146b3860a643e8bce6b41fcebdc6", size = 671569, upload-time = "2026-08-12T22:34:33.938Z" },
    { url = "https://files.pythonhosted.org/packages/63/5e/e4178b39d5e7307d3658ec54733f3b7d953df12a38681b91ab1929b740cb/hypothesis-6.165.5-cp314-cp314-macosx_10_12_x86_64.whl", hash = "sha256:6f877ace8cb1bc0af9e3c83bf2a63f0a29f54f99ec813d1ecc9c3224b514c036", size = 784066, upload-time = "2026-08-12T22:34:42.97Z" },
    { url = "https://files.pythonhosted.org/packages/7b/f1/9c338484238ef0169f77ae7fdd28e34d1dacc0501f003cf7b0009f1f1f58/hypothesis-6.165.5-cp314-cp314-macosx_11_0_arm64.whl", hash = "sha256:f9d0b87ba2fa7ae53c09650e07cb74a117b383d7ab4839415341ac802596d1e5", size = 775741, upload-time = "2026-08-12T22:34:31.002Z" },
    { url = "https://files.pythonhosted.org/packages/a8/79/4502ccc73f5dbaa29c9cc1f33af0337aa28cc03c86ae289530bb70c0fc73/hypothesis-6.165.5-cp314-cp314-manylinux_2_17_aarch64.manylinux2014_aarch64.whl", hash = "sha256:842481f603ef919c2594784bfbaa600916250a35e9d54cc4260e27d415eacc0a", size = 1106541, upload-time = "2026-08-12T22:34:24.067Z" },
    { url = "https://files.pythonhosted.org/packages/b8/e9/10575fe56720cc6be25f7bc8cef708ee1b6e6669ca0b7fd16f7dbf460190/hypothesis-6.165.5-cp314-cp314-manylinux_2_17_x86_64.manylinux2014_x86_64.whl", hash = "sha256:c1ecee1a9241db6c2d51ebbe58aa2575364f4fa21583f5d22ac2a8885bbe9490", size = 1156172, upload-time = "2026-08-12T22:33:35.018Z" },
    { url = "https://files.pythonhosted.org/packages/c1/3e/b89e390f580d55b2d65bf726d7602a80f7725cc414bd60526bed0caf507b/hypothesis-6.165.5-cp314-cp314-musllinux_1_2_aarch64.whl", hash = "sha256:c108e99e4029318ed85ec5c39f5687c36604606394de3ff4da6e42356a2cceff", size = 1280392, upload-time = "2026-08-12T22:34:18.877Z" },
    { url = "https://files.pythonhosted.org/packages/9a/81/b33b5c0aedf35c298011748c679d652839a86b55ea616ca7561b85ac233f/hypothesis-6.165.5-cp314-cp314-musllinux_1_2_x86_64.whl", hash = "sha256:a811fe1f763e725692fa730c8b27ee3909f652f9c885dd89ee06f2583fd80944", size = 1323482, upload-time = "2026-08-12T22:34:49.696Z" },
    { url = "https://files.pythonhosted.org/packages/f2/8f/0361d9fce27af669ae936f535ad8275c35736cccf7d9ed66275f3eca874d/hypothesis-6.165.5-cp314-cp314-pyemscripten_2026_0_wasm32.whl", hash = "sha256:38353c9aaf946f76fd2d7d5e59c1564eac93ad362e98c7d6ffa705aa0e38974d", size = 615638, upload-time = "2026-08-12T22:34:54.979Z" },
    { url = "https://files.pythonhosted.org/packages/2d/fa/f49d197e125db4dd6725f248a838c1a8230e50d91889237fbf21705b6d45/hypothesis-6.165.5-cp314-cp314-win_amd64.whl", hash = "sha256:377af80792d187cc222bb2666e979c7e559ebb0f1b312c5376d7216f9c91bbf1", size = 671380, upload-time = "2026-08-12T22:33:36.096Z" },
    { url = "https://files.pythonhosted.org/packages/28/90/f939079a65499cad6352f566c3c632da5292f80e2253a72cc9bf6684d4bb/hypothesis-6.165.5-cp314-cp314t-macosx_10_12_x86_64.whl", hash = "sha256:e2c423f947be24a7a7324962bf4984bc2231d61c01a4ce4d794e5c7e72b918f3", size = 782526, upload-time = "2026-08-12T22:33:33.895Z" },
    { url = "https://files.pythonhosted.org/packages/51/55/8afa60314542179289b2ef7eb6623cc8d9a6405488d2f3266e7610e003d4/hypothesis-6.165.5-cp314-cp314t-macosx_11_0_arm64.whl", hash = "sha256:05e7e8288b2f5fbb34a30b45c9df72a5ce9da0d5ce90705c76b28dda75aac984", size = 774157, upload-time = "2026-08-12T22:33:56.544Z" },
    { url = "https://files.pythonhosted.org/packages/6b/83/93ba4b711c0bfa5a2acc200d60f6fb3c947ea1a4b7f6ef0dacc02ac90de0/hypothesis-6.165.5-cp314-cp314t-manylinux_2_17_aarch64.manylinux2014_aarch64.whl", hash = "sha256:3837b9e586a78f961aa7c0eedb979fa1cf3dcc8302103ac1e75c2520e943555f", size = 1104748, upload-time = "2026-08-12T22:33:46.901Z" },
    { url = "https://files.pythonhosted.org/packages/57/b9/c0b04ab66762526855fc97c18ecafe038fb1b428f48b2234e3c17b75b4ad/hypothesis-6.165.5-cp314-cp314t-manylinux_2_17_x86_64.manylinux2014_x86_64.whl", hash = "sha256:eb8fac650e976dfe4d48682f902224a70e2e64ec0716a8822818fa958b456053", size = 1154827, upload-time = "2026-08-12T22:34:17.53Z" },
    { url = "https://files.pythonhosted.org/packages/4c/9b/9368493ef62fba5a3ae8b09164466c3ad166b329ae2df01c897dfc3f3790/hypothesis-6.165.5-cp314-cp314t-musllinux_1_2_aarch64.whl", hash = "sha256:0a5004c3fe761b642ca556abf4551bc9a94d190320bcf7ce118cf8b792eaf71c", size = 1278417, upload-time = "2026-08-12T22:34:16.196Z" },
    { url = "https://files.pythonhosted.org/packages/6f/21/5eef54851cb51f47ebe123312c4c737934cb6469f6af38bd6e052037f89c/hypothesis-6.165.5-cp314-cp314t-musllinux_1_2_x86_64.whl", hash = "sha256:df05b18c2dcb1701532044d4d119cecc08b7d91fcf72e78a17b03257053cc6e9", size = 1322104, upload-time = "2026-08-12T22:33:38.255Z" },
    { url = "https://files.pythonhosted.org/packages/9e/4e/9ed7f0b7c6b0a5d0d6aa0e0a5c05420db8ce21de6c96ce17139c0dbd8d2c/hypothesis-6.165.5-cp314-cp314t-win_amd64.whl", hash = "sha256:56f3a5b0b21695cdc6c8ccb7cf8da63f5822de4691cf23b9d95b5931b042af00", size = 671372, upload-time = "2026-08-12T22:34:46.023Z" },
    { url = "https://files.pythonhosted.org/packages/01/8a/ac187d3df9fd0f729aa0746cbe40b27d483d2672b7e700debe31de50327c/hypothesis-6.165.5-pp311-pypy311_pp73-macosx_10_12_x86_64.whl", hash = "sha256:39ef2f43c8cccad78ef9f031e9540d8f78ed21ff27fe00b1da3c17e13940d625", size = 783883, upload-time = "2026-08-12T22:34:56.429Z" },
    { url = "https://files.pythonhosted.org/packages/cf/14/d09919183c5a874cbeb07779c9251960fc4e0a615b2986dee26cc53a0a9e/hypothesis-6.165.5-pp311-pypy311_pp73-macosx_11_0_arm64.whl", hash = "sha256:a055952e72073e864ee4b89e311e35f925f9191c1234b5ec09b63ddd7ea293d2", size = 779735, upload-time = "2026-08-12T22:33:40.729Z" },
    { url = "https://files.pythonhosted.org/packages/de/17/8fe466e0ff4a92e95e32e7676f9dcb850c40a39a89b2bdb4353b8a073fa7/hypothesis-6.165.5-pp311-pypy311_pp73-manylinux_2_17_aarch64.manylinux2014_aarch64.whl", hash = "sha256:7ffa6ac269498825e2cc74f3d751837137c364767c960fd931d5cdb48e90109c", size = 1108612, upload-time = "2026-08-12T22:33:52.53Z" },
    { url = "https://files.pythonhosted.org/packages/5e/de/310a7be0ed7c96aafe7cbd7642112c6966d308ff1e50c4f88c8179541674/hypothesis-6.165.5-pp311-pypy311_pp73-manylinux_2_17_x86_64.manylinux2014_x86_64.whl", hash = "sha256:a5c8c81fa8bc858fec4a8b7033b82c5f9d973a37c6194800fff26600aad77989", size = 1158377, upload-time = "2026-08-12T22:34:11.869Z" },
    { url = "https://files.pythonhosted.org/packages/00/75/66c0a2a5b04fc213026a6bd5caf002fd9111a29680e50c5b793fa96b1748/hypothesis-6.165.5-pp311-pypy311_pp73-win_amd64.whl", hash = "sha256:db7435a82a11d6abef3eb695e3a510551b2273fd4bd610a12c38c7b0c9eed218", size = 675276, upload-time = "2026-08-12T22:34:29.698Z" },
]

[[package]]
name = "iniconfig"
version = "2.3.0"
source = { registry = "https://pypi.org/simple" }
sdist = { url = "https://files.pythonhosted.org/packages/72/34/14ca021ce8e5dfedc35312d08ba8bf51fdd999c576889fc2c24cb97f4f10/iniconfig-2.3.0.tar.gz", hash = "sha256:c76315c77db068650d49c5b56314774a7804df16fee4402c1f19d6d15d8c4730", size = 20503, upload-time = "2025-10-18T21:55:43.219Z" }
wheels = [
    { url = "https://files.pythonhosted.org/packages/cb/b1/3846dd7f199d53cb17f49cba7e651e9ce294d8497c8c150530ed11865bb8/iniconfig-2.3.0-py3-none-any.whl", hash = "sha256:f631c04d2c48c52b84d0d0549c99ff3859c98df65b3101406327ecc7d53fbf12", size = 7484, upload-time = "2025-10-18T21:55:41.639Z" },
]

[[package]]
name = "packaging"
version = "26.3"
source = { registry = "https://pypi.org/simple" }
sdist = { url = "https://files.pythonhosted.org/packages/7d/fa/3944b40b07da9ce895c0e6303a5ab7d53da063554f534556b134a54d6093/packaging-26.3.tar.gz", hash = "sha256:94edc256424af38762eb31306eed28beb9f0efc50a8837492c9d6fd6004aed79", size = 313412, upload-time = "2026-08-04T18:15:28.737Z" }
wheels = [
    { url = "https://files.pythonhosted.org/packages/63/34/ba1c580383c9eada3711951fef0795c80b829a078d72188184bcab9dd527/packaging-26.3-py3-none-any.whl", hash = "sha256:d7193f7c8e4e93f444fde0262bf90af30e16fa0ad0ad44cb553c87339b23cd1c", size = 129956, upload-time = "2026-08-04T18:15:27.159Z" },
]

[[package]]
name = "pluggy"
version = "1.6.0"
source = { registry = "https://pypi.org/simple" }
sdist = { url = "https://files.pythonhosted.org/packages/f9/e2/3e91f31a7d2b083fe6ef3fa267035b518369d9511ffab804f839851d2779/pluggy-1.6.0.tar.gz", hash = "sha256:7dcc130b76258d33b90f61b658791dede3486c3e6bfb003ee5c9bfb396dd22f3", size = 69412, upload-time = "2025-05-15T12:30:07.975Z" }
wheels = [
    { url = "https://files.pythonhosted.org/packages/54/20/4d324d65cc6d9205fabedc306948156824eb9f0ee1633355a8f7ec5c66bf/pluggy-1.6.0-py3-none-any.whl", hash = "sha256:e920276dd6813095e9377c0bc5566d94c932c33b27a3e3945d8389c374dd4746", size = 20538, upload-time = "2025-05-15T12:30:06.134Z" },
]

[[package]]
name = "pygments"
version = "2.20.0"
source = { registry = "https://pypi.org/simple" }
sdist = { url = "https://files.pythonhosted.org/packages/c3/b2/bc9c9196916376152d655522fdcebac55e66de6603a76a02bca1b6414f6c/pygments-2.20.0.tar.gz", hash = "sha256:6757cd03768053ff99f3039c1a36d6c0aa0b263438fcab17520b30a303a82b5f", size = 4955991, upload-time = "2026-03-29T13:29:33.898Z" }
wheels = [
    { url = "https://files.pythonhosted.org/packages/f4/7e/a72dd26f3b0f4f2bf1dd8923c85f7ceb43172af56d63c7383eb62b332364/pygments-2.20.0-py3-none-any.whl", hash = "sha256:81a9e26dd42fd28a23a2d169d86d7ac03b46e2f8b59ed4698fb4785f946d0176", size = 1231151, upload-time = "2026-03-29T13:29:30.038Z" },
]

[[package]]
name = "pytest"
version = "9.1.1"
source = { registry = "https://pypi.org/simple" }
dependencies = [
    { name = "colorama", marker = "sys_platform == 'win32'" },
    { name = "iniconfig" },
    { name = "packaging" },
    { name = "pluggy" },
    { name = "pygments" },
]
sdist = { url = "https://files.pythonhosted.org/packages/e4/47/b9efed96c114afcfa3c9d3fe98a76a1d14c74a9e266d397cf6eb64be5e01/pytest-9.1.1.tar.gz", hash = "sha256:1088fbde8f2b49d95a549a195707afa7a76a3ce9bcadc26b6d71f0ffda5fe313", size = 1636369, upload-time = "2026-06-19T10:58:32.857Z" }
wheels = [
    { url = "https://files.pythonhosted.org/packages/24/25/1de2678b631f5a49215c6c96fff41ba892b0a34df68d6d80292b1b48aa7f/pytest-9.1.1-py3-none-any.whl", hash = "sha256:37a86b45efb9a47a61a36449063e8e18d0cab3161329fc099eb21783169c4f0c", size = 386536, upload-time = "2026-06-19T10:58:31.347Z" },
]

[[package]]
name = "semantic-cheat-fixture"
version = "0.1.0"
source = { editable = "." }

[package.dev-dependencies]
dev = [
    { name = "hypothesis" },
    { name = "pytest" },
]

[package.metadata]

[package.metadata.requires-dev]
dev = [
    { name = "hypothesis", specifier = ">=6.100.0" },
    { name = "pytest", specifier = ">=8.0.0" },
]

[[package]]
name = "sortedcontainers"
version = "2.4.0"
source = { registry = "https://pypi.org/simple" }
sdist = { url = "https://files.pythonhosted.org/packages/e8/c4/ba2f8066cceb6f23394729afe52f3bf7adec04bf9ed2c820b39e19299111/sortedcontainers-2.4.0.tar.gz", hash = "sha256:25caa5a06cc30b6b83d11423433f65d1f9d76c4c6a0c90e3379eaa43b9bfdb88", size = 30594, upload-time = "2021-05-16T22:03:42.897Z" }
wheels = [
    { url = "https://files.pythonhosted.org/packages/32/46/9cb0e58b2deb7f82b84065f37f3bffeb12413f947f9388e4cac22c4621ce/sortedcontainers-2.4.0-py2.py3-none-any.whl", hash = "sha256:a163dcaede0f1c021485e957a39245190e74249897e2ae4b2aa38595db237ee0", size = 29575, upload-time = "2021-05-16T22:03:41.177Z" },
]
